PODS:
  - secux-paymentdevicekit (2.0.12)
  - secux-paymentkit-v2 (2.1.17):
    - secux-paymentdevicekit
  - swiftScan (1.2.1)

DEPENDENCIES:
  - secux-paymentkit-v2
  - swiftScan (from `https://github.com/MxABC/swiftScan.git`)

SPEC REPOS:
  trunk:
    - secux-paymentdevicekit
    - secux-paymentkit-v2

EXTERNAL SOURCES:
  swiftScan:
    :git: https://github.com/MxABC/swiftScan.git

CHECKOUT OPTIONS:
  swiftScan:
    :commit: b0cc9aea11140125b75d1baaccb16c9567cdf69a
    :git: https://github.com/MxABC/swiftScan.git

SPEC CHECKSUMS:
  secux-paymentdevicekit: 390fb70142b53f7f7186e2324d47e9a60f357d03
  secux-paymentkit-v2: 33d9d57b9047dd19749080f43427f05f61bd4571
  swiftScan: 0849e7d7c1c641384767a573ee8cb90b88d1ddd9

PODFILE CHECKSUM: d1c3bd38818aa34a545509753d31cada2b0131de

COCOAPODS: 1.10.1
