PODS:
  - secux-paymentdevicekit (2.0.13)
  - secux-paymentkit-v2 (2.1.19):
    - secux-paymentdevicekit
  - swiftScan (1.2.1)

DEPENDENCIES:
  - secux-paymentkit-v2
  - swiftScan (from `https://github.com/MxABC/swiftScan.git`)

SPEC REPOS:
  trunk:
    - secux-paymentdevicekit
    - secux-paymentkit-v2

EXTERNAL SOURCES:
  swiftScan:
    :git: https://github.com/MxABC/swiftScan.git

CHECKOUT OPTIONS:
  swiftScan:
    :commit: b0cc9aea11140125b75d1baaccb16c9567cdf69a
    :git: https://github.com/MxABC/swiftScan.git

SPEC CHECKSUMS:
  secux-paymentdevicekit: 0ae2cacd809677b2a649d70f6776ed27635f404f
  secux-paymentkit-v2: b49ff6041f8041a4e76caf3e023a7548faeeae3d
  swiftScan: 0849e7d7c1c641384767a573ee8cb90b88d1ddd9

PODFILE CHECKSUM: 291a913c2523d8cf90c239b9c6f897ded947f264

COCOAPODS: 1.10.1
