PODS:
  - secux-paymentdevicekit (2.0.4)
  - secux-paymentkit-v2 (2.0.2):
    - secux-paymentdevicekit (~> 2.0.4)
  - swiftScan (1.2.0)

DEPENDENCIES:
  - secux-paymentkit-v2
  - swiftScan (from `https://github.com/MxABC/swiftScan.git`)

SPEC REPOS:
  trunk:
    - secux-paymentdevicekit
    - secux-paymentkit-v2

EXTERNAL SOURCES:
  swiftScan:
    :git: https://github.com/MxABC/swiftScan.git

CHECKOUT OPTIONS:
  swiftScan:
    :commit: fd652ea645b29841f5990ed1583ce6038f190e56
    :git: https://github.com/MxABC/swiftScan.git

SPEC CHECKSUMS:
  secux-paymentdevicekit: 9cf0d0f59082699d4077c8e335051d158cf4cd8c
  secux-paymentkit-v2: cd0633240f7f61092d34bd9e8b6aee9137cb00d8
  swiftScan: d7f91607b1a47cc04e6eb654c2c01e2e940e337d

PODFILE CHECKSUM: 8565b0f92cdd9861265e936d001019e6d1c1ba42

COCOAPODS: 1.10.0.beta.2
